
Microsoft Visual Studio Solution File, Format Version 12.00
# Visual Studio Version 17
VisualStudioVersion = 17.9.34728.123
MinimumVisualStudioVersion = 10.0.40219.1
Project("{9A19103F-16F7-4668-BE54-9A1E7A4F7556}") = "WebP.DotNet8", "WebP.DotNet8\WebP.DotNet8.csproj", "{24AC29D1-CB26-4504-B59D-22D56968BC69}"
EndProject
Global
	GlobalSection(SolutionConfigurationPlatforms) = preSolution
		Debug|Any CPU = Debug|Any CPU
		Release|Any CPU = Release|Any CPU
	EndGlobalSection
	GlobalSection(ProjectConfigurationPlatforms) = postSolution
		{24AC29D1-CB26-4504-B59D-22D56968BC69}.Debug|Any CPU.ActiveCfg = Debug|Any CPU
		{24AC29D1-CB26-4504-B59D-22D56968BC69}.Debug|Any CPU.Build.0 = Debug|Any CPU
		{24AC29D1-CB26-4504-B59D-22D56968BC69}.Release|Any CPU.ActiveCfg = Release|Any CPU
		{24AC29D1-CB26-4504-B59D-22D56968BC69}.Release|Any CPU.Build.0 = Release|Any CPU
	EndGlobalSection
	GlobalSection(SolutionProperties) = preSolution
		HideSolutionNode = FALSE
	EndGlobalSection
	GlobalSection(ExtensibilityGlobals) = postSolution
		SolutionGuid = {54DC6EC7-4E38-4BEA-A4EA-2F0CB76E9642}
	EndGlobalSection
EndGlobal
